
Microsoft Visual Studio Solution File, Format Version 12.00
# Visual Studio Version 17
VisualStudioVersion = 17.7.34009.444
MinimumVisualStudioVersion = 10.0.40219.1
Project("{9A19103F-16F7-4668-BE54-9A1E7A4F7556}") = "IpPools2Vmess", "IpPools2Vmess\IpPools2Vmess.csproj", "{5DF01D0B-E938-4801-92A0-E98C8DE48870}"
EndProject
Project("{2150E333-8FDC-42A3-9474-1A3956D46DE8}") = "解决方案项", "解决方案项", "{DE5B2ACF-A799-4F3C-AB37-33526E86064D}"
	ProjectSection(SolutionItems) = preProject
		README.md = README.md
	EndProjectSection
EndProject
Global
	GlobalSection(SolutionConfigurationPlatforms) = preSolution
		Debug|Any CPU = Debug|Any CPU
		Release|Any CPU = Release|Any CPU
	EndGlobalSection
	GlobalSection(ProjectConfigurationPlatforms) = postSolution
		{5DF01D0B-E938-4801-92A0-E98C8DE48870}.Debug|Any CPU.ActiveCfg = Debug|Any CPU
		{5DF01D0B-E938-4801-92A0-E98C8DE48870}.Debug|Any CPU.Build.0 = Debug|Any CPU
		{5DF01D0B-E938-4801-92A0-E98C8DE48870}.Release|Any CPU.ActiveCfg = Release|Any CPU
		{5DF01D0B-E938-4801-92A0-E98C8DE48870}.Release|Any CPU.Build.0 = Release|Any CPU
	EndGlobalSection
	GlobalSection(SolutionProperties) = preSolution
		HideSolutionNode = FALSE
	EndGlobalSection
	GlobalSection(ExtensibilityGlobals) = postSolution
		SolutionGuid = {5F5B355A-5148-48AD-BE3A-6CD4C9AB5FE0}
	EndGlobalSection
EndGlobal
